
Microsoft Visual Studio Solution File, Format Version 12.00
# Visual Studio Version 17
VisualStudioVersion = 17.5.33414.496
MinimumVisualStudioVersion = 10.0.40219.1
Project("{9A19103F-16F7-4668-BE54-9A1E7A4F7556}") = "w1867882_Harini_Hapuarachchi_Land_Evaluation", "w1867882_Harini_Hapuarachchi_Land_Evaluation.csproj", "{8A8B8E7C-FE2F-4909-A7AE-3F716DAF3DC9}"
EndProject
Project("{FAE04EC0-301F-11D3-BF4B-00C04F79EFBC}") = "w1867882_Harini_Hapuarachchi_Land_Evaluation_Test", "..\w1867882_Harini_Hapuarachchi_Land_Evaluation_Test\w1867882_Harini_Hapuarachchi_Land_Evaluation_Test.csproj", "{814BC130-166A-4A16-844C-C131C9F22D77}"
EndProject
Global
	GlobalSection(SolutionConfigurationPlatforms) = preSolution
		Debug|Any CPU = Debug|Any CPU
		Release|Any CPU = Release|Any CPU
	EndGlobalSection
	GlobalSection(ProjectConfigurationPlatforms) = postSolution
		{8A8B8E7C-FE2F-4909-A7AE-3F716DAF3DC9}.Debug|Any CPU.ActiveCfg = Debug|Any CPU
		{8A8B8E7C-FE2F-4909-A7AE-3F716DAF3DC9}.Debug|Any CPU.Build.0 = Debug|Any CPU
		{8A8B8E7C-FE2F-4909-A7AE-3F716DAF3DC9}.Release|Any CPU.ActiveCfg = Release|Any CPU
		{8A8B8E7C-FE2F-4909-A7AE-3F716DAF3DC9}.Release|Any CPU.Build.0 = Release|Any CPU
		{814BC130-166A-4A16-844C-C131C9F22D77}.Debug|Any CPU.ActiveCfg = Debug|Any CPU
		{814BC130-166A-4A16-844C-C131C9F22D77}.Debug|Any CPU.Build.0 = Debug|Any CPU
		{814BC130-166A-4A16-844C-C131C9F22D77}.Release|Any CPU.ActiveCfg = Release|Any CPU
		{814BC130-166A-4A16-844C-C131C9F22D77}.Release|Any CPU.Build.0 = Release|Any CPU
	EndGlobalSection
	GlobalSection(SolutionProperties) = preSolution
		HideSolutionNode = FALSE
	EndGlobalSection
	GlobalSection(ExtensibilityGlobals) = postSolution
		SolutionGuid = {74940E03-2120-4368-BCF5-4485C4D4126D}
	EndGlobalSection
EndGlobal
